
Microsoft Visual Studio Solution File, Format Version 12.00
# Visual Studio Version 17
VisualStudioVersion = 17.9.34607.119
MinimumVisualStudioVersion = 10.0.40219.1
Project("{FAE04EC0-301F-11D3-BF4B-00C04F79EFBC}") = "RiodeZadanie", "RiodeZadanie\RiodeZadanie.csproj", "{2EE85131-BD4C-46A8-8AF7-FE6F6124EB9C}"
EndProject
Global
	GlobalSection(SolutionConfigurationPlatforms) = preSolution
		Debug|Any CPU = Debug|Any CPU
		Release|Any CPU = Release|Any CPU
	EndGlobalSection
	GlobalSection(ProjectConfigurationPlatforms) = postSolution
		{2EE85131-BD4C-46A8-8AF7-FE6F6124EB9C}.Debug|Any CPU.ActiveCfg = Debug|Any CPU
		{2EE85131-BD4C-46A8-8AF7-FE6F6124EB9C}.Debug|Any CPU.Build.0 = Debug|Any CPU
		{2EE85131-BD4C-46A8-8AF7-FE6F6124EB9C}.Release|Any CPU.ActiveCfg = Release|Any CPU
		{2EE85131-BD4C-46A8-8AF7-FE6F6124EB9C}.Release|Any CPU.Build.0 = Release|Any CPU
	EndGlobalSection
	GlobalSection(SolutionProperties) = preSolution
		HideSolutionNode = FALSE
	EndGlobalSection
	GlobalSection(ExtensibilityGlobals) = postSolution
		SolutionGuid = {FAC76BC4-5670-4056-93DE-74C4CEC92829}
	EndGlobalSection
EndGlobal
